// !$*UTF8*$!
{
	archiveVersion = 1;
	classes = {
	};
	objectVersion = 48;
	objects = {

/* Begin PBXBuildFile section */
		BE24B3EA1EFB02A3002D5D2A /* AppDelegate.swift in Sources */ = {isa = PBXBuildFile; fileRef = BE24B3E91EFB02A3002D5D2A /* AppDelegate.swift */; };
		BE24B3EC1EFB02A3002D5D2A /* ListController.swift in Sources */ = {isa = PBXBuildFile; fileRef = BE24B3EB1EFB02A3002D5D2A /* ListController.swift */; };
		BE24B3EE1EFB02A3002D5D2A /* EditController.swift in Sources */ = {isa = PBXBuildFile; fileRef = BE24B3ED1EFB02A3002D5D2A /* EditController.swift */; };
		BE24B3F11EFB02A3002D5D2A /* Main.storyboard in Resources */ = {isa = PBXBuildFile; fileRef = BE24B3EF1EFB02A3002D5D2A /* Main.storyboard */; };
		BE24B3F31EFB02A3002D5D2A /* Assets.xcassets in Resources */ = {isa = PBXBuildFile; fileRef = BE24B3F21EFB02A3002D5D2A /* Assets.xcassets */; };
		BE24B3F61EFB02A4002D5D2A /* LaunchScreen.storyboard in Resources */ = {isa = PBXBuildFile; fileRef = BE24B3F41EFB02A4002D5D2A /* LaunchScreen.storyboard */; };
		BE5FCD052159570E0025C3F6 /* WorkingCopyUrlService.swift in Sources */ = {isa = PBXBuildFile; fileRef = BE5FCD042159570E0025C3F6 /* WorkingCopyUrlService.swift */; };
		BE7BBD301EFBB947003FE5D4 /* UrlCoordination.swift in Sources */ = {isa = PBXBuildFile; fileRef = BE7BBD2F1EFBB947003FE5D4 /* UrlCoordination.swift */; };
		BE7BBD321EFBBA26003FE5D4 /* ShowError.swift in Sources */ = {isa = PBXBuildFile; fileRef = BE7BBD311EFBBA26003FE5D4 /* ShowError.swift */; };
		BE98E568221592F400672721 /* XDocumentSource2.swift in Sources */ = {isa = PBXBuildFile; fileRef = BE98E567221592F400672721 /* XDocumentSource2.swift */; };
/* End PBXBuildFile section */

/* Begin PBXFileReference section */
		BE24B3E61EFB02A3002D5D2A /* OpenInPlace.app */ = {isa = PBXFileReference; explicitFileType = wrapper.application; includeInIndex = 0; path = OpenInPlace.app; sourceTree = BUILT_PRODUCTS_DIR; };
		BE24B3E91EFB02A3002D5D2A /* AppDelegate.swift */ = {isa = PBXFileReference; lastKnownFileType = sourcecode.swift; path = AppDelegate.swift; sourceTree = "<group>"; };
		BE24B3EB1EFB02A3002D5D2A /* ListController.swift */ = {isa = PBXFileReference; lastKnownFileType = sourcecode.swift; path = ListController.swift; sourceTree = "<group>"; };
		BE24B3ED1EFB02A3002D5D2A /* EditController.swift */ = {isa = PBXFileReference; lastKnownFileType = sourcecode.swift; path = EditController.swift; sourceTree = "<group>"; };
		BE24B3F01EFB02A3002D5D2A /* Base */ = {isa = PBXFileReference; lastKnownFileType = file.storyboard; name = Base; path = Base.lproj/Main.storyboard; sourceTree = "<group>"; };
		BE24B3F21EFB02A3002D5D2A /* Assets.xcassets */ = {isa = PBXFileReference; lastKnownFileType = folder.assetcatalog; path = Assets.xcassets; sourceTree = "<group>"; };
		BE24B3F51EFB02A4002D5D2A /* Base */ = {isa = PBXFileReference; lastKnownFileType = file.storyboard; name = Base; path = Base.lproj/LaunchScreen.storyboard; sourceTree = "<group>"; };
		BE24B3F71EFB02A4002D5D2A /* Info.plist */ = {isa = PBXFileReference; lastKnownFileType = text.plist.xml; path = Info.plist; sourceTree = "<group>"; };
		BE24B3FD1EFB02BD002D5D2A /* OpenInPlace.entitlements */ = {isa = PBXFileReference; lastKnownFileType = text.plist.entitlements; path = OpenInPlace.entitlements; sourceTree = "<group>"; };
		BE5FCD042159570E0025C3F6 /* WorkingCopyUrlService.swift */ = {isa = PBXFileReference; lastKnownFileType = sourcecode.swift; path = WorkingCopyUrlService.swift; sourceTree = "<group>"; };
		BE7BBD2F1EFBB947003FE5D4 /* UrlCoordination.swift */ = {isa = PBXFileReference; lastKnownFileType = sourcecode.swift; path = UrlCoordination.swift; sourceTree = "<group>"; };
		BE7BBD311EFBBA26003FE5D4 /* ShowError.swift */ = {isa = PBXFileReference; lastKnownFileType = sourcecode.swift; path = ShowError.swift; sourceTree = "<group>"; };
		BE98E567221592F400672721 /* XDocumentSource2.swift */ = {isa = PBXFileReference; lastKnownFileType = sourcecode.swift; path = XDocumentSource2.swift; sourceTree = "<group>"; };
		BEC920D11EFBF9D100F142B4 /* README.md */ = {isa = PBXFileReference; lastKnownFileType = net.daringfireball.markdown; path = README.md; sourceTree = "<group>"; };
		BEDCB31A2126FB32000547BA /* WorkingCopyUrlService.h */ = {isa = PBXFileReference; fileEncoding = 4; lastKnownFileType = sourcecode.c.h; path = WorkingCopyUrlService.h; sourceTree = "<group>"; };
		BEDCB31B2126FB32000547BA /* WorkingCopyUrlService.m */ = {isa = PBXFileReference; fileEncoding = 4; lastKnownFileType = sourcecode.c.objc; path = WorkingCopyUrlService.m; sourceTree = "<group>"; };
/* End PBXFileReference section */

/* Begin PBXFrameworksBuildPhase section */
		BE24B3E31EFB02A3002D5D2A /* Frameworks */ = {
			isa = PBXFrameworksBuildPhase;
			buildActionMask = 2147483647;
			files = (
			);
			runOnlyForDeploymentPostprocessing = 0;
		};
/* End PBXFrameworksBuildPhase section */

/* Begin PBXGroup section */
		BE24B3DD1EFB02A3002D5D2A = {
			isa = PBXGroup;
			children = (
				BEC920D11EFBF9D100F142B4 /* README.md */,
				BE24B3E81EFB02A3002D5D2A /* OpenInPlace */,
				BE24B3E71EFB02A3002D5D2A /* Products */,
			);
			sourceTree = "<group>";
		};
		BE24B3E71EFB02A3002D5D2A /* Products */ = {
			isa = PBXGroup;
			children = (
				BE24B3E61EFB02A3002D5D2A /* OpenInPlace.app */,
			);
			name = Products;
			sourceTree = "<group>";
		};
		BE24B3E81EFB02A3002D5D2A /* OpenInPlace */ = {
			isa = PBXGroup;
			children = (
				BEDCB31D2126FB3A000547BA /* Working Copy */,
				BE24B3E91EFB02A3002D5D2A /* AppDelegate.swift */,
				BE24B3ED1EFB02A3002D5D2A /* EditController.swift */,
				BE24B3EB1EFB02A3002D5D2A /* ListController.swift */,
				BE7BBD311EFBBA26003FE5D4 /* ShowError.swift */,
				BE7BBD2F1EFBB947003FE5D4 /* UrlCoordination.swift */,
				BE98E567221592F400672721 /* XDocumentSource2.swift */,
				BE24B3EF1EFB02A3002D5D2A /* Main.storyboard */,
				BE24B3F41EFB02A4002D5D2A /* LaunchScreen.storyboard */,
				BE24B3F21EFB02A3002D5D2A /* Assets.xcassets */,
				BE24B3FD1EFB02BD002D5D2A /* OpenInPlace.entitlements */,
				BE24B3F71EFB02A4002D5D2A /* Info.plist */,
			);
			path = OpenInPlace;
			sourceTree = "<group>";
		};
		BEDCB31D2126FB3A000547BA /* Working Copy */ = {
			isa = PBXGroup;
			children = (
				BEDCB31A2126FB32000547BA /* WorkingCopyUrlService.h */,
				BEDCB31B2126FB32000547BA /* WorkingCopyUrlService.m */,
				BE5FCD042159570E0025C3F6 /* WorkingCopyUrlService.swift */,
			);
			path = "Working Copy";
			sourceTree = "<group>";
		};
/* End PBXGroup section */

/* Begin PBXNativeTarget section */
		BE24B3E51EFB02A3002D5D2A /* OpenInPlace */ = {
			isa = PBXNativeTarget;
			buildConfigurationList = BE24B3FA1EFB02A4002D5D2A /* Build configuration list for PBXNativeTarget "OpenInPlace" */;
			buildPhases = (
				BE24B3E21EFB02A3002D5D2A /* Sources */,
				BE24B3E31EFB02A3002D5D2A /* Frameworks */,
				BE24B3E41EFB02A3002D5D2A /* Resources */,
			);
			buildRules = (
			);
			dependencies = (
			);
			name = OpenInPlace;
			productName = OpenInPlace;
			productReference = BE24B3E61EFB02A3002D5D2A /* OpenInPlace.app */;
			productType = "com.apple.product-type.application";
		};
/* End PBXNativeTarget section */

/* Begin PBXProject section */
		BE24B3DE1EFB02A3002D5D2A /* Project object */ = {
			isa = PBXProject;
			attributes = {
				LastSwiftUpdateCheck = 0900;
				LastUpgradeCheck = 1250;
				ORGANIZATIONNAME = "Applied Phasor";
				TargetAttributes = {
					BE24B3E51EFB02A3002D5D2A = {
						CreatedOnToolsVersion = 9.0;
						LastSwiftMigration = 1150;
						SystemCapabilities = {
							com.apple.iCloud = {
								enabled = 1;
							};
						};
					};
				};
			};
			buildConfigurationList = BE24B3E11EFB02A3002D5D2A /* Build configuration list for PBXProject "OpenInPlace" */;
			compatibilityVersion = "Xcode 8.0";
			developmentRegion = en;
			hasScannedForEncodings = 0;
			knownRegions = (
				en,
				Base,
			);
			mainGroup = BE24B3DD1EFB02A3002D5D2A;
			productRefGroup = BE24B3E71EFB02A3002D5D2A /* Products */;
			projectDirPath = "";
			projectRoot = "";
			targets = (
				BE24B3E51EFB02A3002D5D2A /* OpenInPlace */,
			);
		};
/* End PBXProject section */

/* Begin PBXResourcesBuildPhase section */
		BE24B3E41EFB02A3002D5D2A /* Resources */ = {
			isa = PBXResourcesBuildPhase;
			buildActionMask = 2147483647;
			files = (
				BE24B3F61EFB02A4002D5D2A /* LaunchScreen.storyboard in Resources */,
				BE24B3F31EFB02A3002D5D2A /* Assets.xcassets in Resources */,
				BE24B3F11EFB02A3002D5D2A /* Main.storyboard in Resources */,
			);
			runOnlyForDeploymentPostprocessing = 0;
		};
/* End PBXResourcesBuildPhase section */

/* Begin PBXSourcesBuildPhase section */
		BE24B3E21EFB02A3002D5D2A /* Sources */ = {
			isa = PBXSourcesBuildPhase;
			buildActionMask = 2147483647;
			files = (
				BE7BBD301EFBB947003FE5D4 /* UrlCoordination.swift in Sources */,
				BE24B3EE1EFB02A3002D5D2A /* EditController.swift in Sources */,
				BE5FCD052159570E0025C3F6 /* WorkingCopyUrlService.swift in Sources */,
				BE24B3EC1EFB02A3002D5D2A /* ListController.swift in Sources */,
				BE98E568221592F400672721 /* XDocumentSource2.swift in Sources */,
				BE24B3EA1EFB02A3002D5D2A /* AppDelegate.swift in Sources */,
				BE7BBD321EFBBA26003FE5D4 /* ShowError.swift in Sources */,
			);
			runOnlyForDeploymentPostprocessing = 0;
		};
/* End PBXSourcesBuildPhase section */

/* Begin PBXVariantGroup section */
		BE24B3EF1EFB02A3002D5D2A /* Main.storyboard */ = {
			isa = PBXVariantGroup;
			children = (
				BE24B3F01EFB02A3002D5D2A /* Base */,
			);
			name = Main.storyboard;
			sourceTree = "<group>";
		};
		BE24B3F41EFB02A4002D5D2A /* LaunchScreen.storyboard */ = {
			isa = PBXVariantGroup;
			children = (
				BE24B3F51EFB02A4002D5D2A /* Base */,
			);
			name = LaunchScreen.storyboard;
			sourceTree = "<group>";
		};
/* End PBXVariantGroup section */

/* Begin XCBuildConfiguration section */
		BE24B3F81EFB02A4002D5D2A /* Debug */ = {
			isa = XCBuildConfiguration;
			buildSettings = {
				ALWAYS_SEARCH_USER_PATHS = NO;
				CLANG_ANALYZER_NONNULL = YES;
				CLANG_ANALYZER_NUMBER_OBJECT_CONVERSION = YES_AGGRESSIVE;
				CLANG_CXX_LANGUAGE_STANDARD = "gnu++14";
				CLANG_CXX_LIBRARY = "libc++";
				CLANG_ENABLE_MODULES = YES;
				CLANG_ENABLE_OBJC_ARC = YES;
				CLANG_WARN_BLOCK_CAPTURE_AUTORELEASING = YES;
				CLANG_WARN_BOOL_CONVERSION = YES;
				CLANG_WARN_COMMA = YES;
				CLANG_WARN_CONSTANT_CONVERSION = YES;
				CLANG_WARN_DEPRECATED_OBJC_IMPLEMENTATIONS = YES;
				CLANG_WARN_DIRECT_OBJC_ISA_USAGE = YES_ERROR;
				CLANG_WARN_DOCUMENTATION_COMMENTS = YES;
				CLANG_WARN_EMPTY_BODY = YES;
				CLANG_WARN_ENUM_CONVERSION = YES;
				CLANG_WARN_INFINITE_RECURSION = YES;
				CLANG_WARN_INT_CONVERSION = YES;
				CLANG_WARN_NON_LITERAL_NULL_CONVERSION = YES;
				CLANG_WARN_OBJC_IMPLICIT_RETAIN_SELF = YES;
				CLANG_WARN_OBJC_LITERAL_CONVERSION = YES;
				CLANG_WARN_OBJC_ROOT_CLASS = YES_ERROR;
				CLANG_WARN_QUOTED_INCLUDE_IN_FRAMEWORK_HEADER = YES;
				CLANG_WARN_RANGE_LOOP_ANALYSIS = YES;
				CLANG_WARN_STRICT_PROTOTYPES = YES;
				CLANG_WARN_SUSPICIOUS_MOVE = YES;
				CLANG_WARN_UNGUARDED_AVAILABILITY = YES_AGGRESSIVE;
				CLANG_WARN_UNREACHABLE_CODE = YES;
				CLANG_WARN__DUPLICATE_METHOD_MATCH = YES;
				CODE_SIGN_IDENTITY = "iPhone Developer";
				COPY_PHASE_STRIP = NO;
				DEBUG_INFORMATION_FORMAT = dwarf;
				ENABLE_STRICT_OBJC_MSGSEND = YES;
				ENABLE_TESTABILITY = YES;
				GCC_C_LANGUAGE_STANDARD = gnu11;
				GCC_DYNAMIC_NO_PIC = NO;
				GCC_NO_COMMON_BLOCKS = YES;
				GCC_OPTIMIZATION_LEVEL = 0;
				GCC_PREPROCESSOR_DEFINITIONS = (
					"DEBUG=1",
					"$(inherited)",
				);
				GCC_WARN_64_TO_32_BIT_CONVERSION = YES;
				GCC_WARN_ABOUT_RETURN_TYPE = YES_ERROR;
				GCC_WARN_UNDECLARED_SELECTOR = YES;
				GCC_WARN_UNINITIALIZED_AUTOS = YES_AGGRESSIVE;
				GCC_WARN_UNUSED_FUNCTION = YES;
				GCC_WARN_UNUSED_VARIABLE = YES;
				IPHONEOS_DEPLOYMENT_TARGET = 12.0;
				MTL_ENABLE_DEBUG_INFO = YES;
				ONLY_ACTIVE_ARCH = YES;
				SDKROOT = iphoneos;
				SWIFT_ACTIVE_COMPILATION_CONDITIONS = DEBUG;
				SWIFT_OPTIMIZATION_LEVEL = "-Onone";
			};
			name = Debug;
		};
		BE24B3F91EFB02A4002D5D2A /* Release */ = {
			isa = XCBuildConfiguration;
			buildSettings = {
				ALWAYS_SEARCH_USER_PATHS = NO;
				CLANG_ANALYZER_NONNULL = YES;
				CLANG_ANALYZER_NUMBER_OBJECT_CONVERSION = YES_AGGRESSIVE;
				CLANG_CXX_LANGUAGE_STANDARD = "gnu++14";
				CLANG_CXX_LIBRARY = "libc++";
				CLANG_ENABLE_MODULES = YES;
				CLANG_ENABLE_OBJC_ARC = YES;
				CLANG_WARN_BLOCK_CAPTURE_AUTORELEASING = YES;
				CLANG_WARN_BOOL_CONVERSION = YES;
				CLANG_WARN_COMMA = YES;
				CLANG_WARN_CONSTANT_CONVERSION = YES;
				CLANG_WARN_DEPRECATED_OBJC_IMPLEMENTATIONS = YES;
				CLANG_WARN_DIRECT_OBJC_ISA_USAGE = YES_ERROR;
				CLANG_WARN_DOCUMENTATION_COMMENTS = YES;
				CLANG_WARN_EMPTY_BODY = YES;
				CLANG_WARN_ENUM_CONVERSION = YES;
				CLANG_WARN_INFINITE_RECURSION = YES;
				CLANG_WARN_INT_CONVERSION = YES;
				CLANG_WARN_NON_LITERAL_NULL_CONVERSION = YES;
				CLANG_WARN_OBJC_IMPLICIT_RETAIN_SELF = YES;
				CLANG_WARN_OBJC_LITERAL_CONVERSION = YES;
				CLANG_WARN_OBJC_ROOT_CLASS = YES_ERROR;
				CLANG_WARN_QUOTED_INCLUDE_IN_FRAMEWORK_HEADER = YES;
				CLANG_WARN_RANGE_LOOP_ANALYSIS = YES;
				CLANG_WARN_STRICT_PROTOTYPES = YES;
				CLANG_WARN_SUSPICIOUS_MOVE = YES;
				CLANG_WARN_UNGUARDED_AVAILABILITY = YES_AGGRESSIVE;
				CLANG_WARN_UNREACHABLE_CODE = YES;
				CLANG_WARN__DUPLICATE_METHOD_MATCH = YES;
				CODE_SIGN_IDENTITY = "iPhone Developer";
				COPY_PHASE_STRIP = NO;
				DEBUG_INFORMATION_FORMAT = "dwarf-with-dsym";
				ENABLE_NS_ASSERTIONS = NO;
				ENABLE_STRICT_OBJC_MSGSEND = YES;
				GCC_C_LANGUAGE_STANDARD = gnu11;
				GCC_NO_COMMON_BLOCKS = YES;
				GCC_WARN_64_TO_32_BIT_CONVERSION = YES;
				GCC_WARN_ABOUT_RETURN_TYPE = YES_ERROR;
				GCC_WARN_UNDECLARED_SELECTOR = YES;
				GCC_WARN_UNINITIALIZED_AUTOS = YES_AGGRESSIVE;
				GCC_WARN_UNUSED_FUNCTION = YES;
				GCC_WARN_UNUSED_VARIABLE = YES;
				IPHONEOS_DEPLOYMENT_TARGET = 12.0;
				MTL_ENABLE_DEBUG_INFO = NO;
				SDKROOT = iphoneos;
				SWIFT_OPTIMIZATION_LEVEL = "-Owholemodule";
				VALIDATE_PRODUCT = YES;
			};
			name = Release;
		};
		BE24B3FB1EFB02A4002D5D2A /* Debug */ = {
			isa = XCBuildConfiguration;
			buildSettings = {
				ASSETCATALOG_COMPILER_APPICON_NAME = AppIcon;
				CLANG_ENABLE_MODULES = YES;
				CODE_SIGN_ENTITLEMENTS = OpenInPlace/OpenInPlace.entitlements;
				DEVELOPMENT_TEAM = 4U9NSKBV63;
				INFOPLIST_FILE = OpenInPlace/Info.plist;
				IPHONEOS_DEPLOYMENT_TARGET = 12.0;
				LD_RUNPATH_SEARCH_PATHS = "$(inherited) @executable_path/Frameworks";
				PRODUCT_BUNDLE_IDENTIFIER = com.appliedphasor.OpenInPlace;
				PRODUCT_NAME = "$(TARGET_NAME)";
				SUPPORTS_MACCATALYST = YES;
				SWIFT_OPTIMIZATION_LEVEL = "-Onone";
				SWIFT_SWIFT3_OBJC_INFERENCE = Default;
				SWIFT_VERSION = 5.0;
				TARGETED_DEVICE_FAMILY = "1,2";
			};
			name = Debug;
		};
		BE24B3FC1EFB02A4002D5D2A /* Release */ = {
			isa = XCBuildConfiguration;
			buildSettings = {
				ASSETCATALOG_COMPILER_APPICON_NAME = AppIcon;
				CLANG_ENABLE_MODULES = YES;
				CODE_SIGN_ENTITLEMENTS = OpenInPlace/OpenInPlace.entitlements;
				DEVELOPMENT_TEAM = 4U9NSKBV63;
				INFOPLIST_FILE = OpenInPlace/Info.plist;
				IPHONEOS_DEPLOYMENT_TARGET = 12.0;
				LD_RUNPATH_SEARCH_PATHS = "$(inherited) @executable_path/Frameworks";
				PRODUCT_BUNDLE_IDENTIFIER = com.appliedphasor.OpenInPlace;
				PRODUCT_NAME = "$(TARGET_NAME)";
				SUPPORTS_MACCATALYST = YES;
				SWIFT_SWIFT3_OBJC_INFERENCE = Default;
				SWIFT_VERSION = 5.0;
				TARGETED_DEVICE_FAMILY = "1,2";
			};
			name = Release;
		};
/* End XCBuildConfiguration section */

/* Begin XCConfigurationList section */
		BE24B3E11EFB02A3002D5D2A /* Build configuration list for PBXProject "OpenInPlace" */ = {
			isa = XCConfigurationList;
			buildConfigurations = (
				BE24B3F81EFB02A4002D5D2A /* Debug */,
				BE24B3F91EFB02A4002D5D2A /* Release */,
			);
			defaultConfigurationIsVisible = 0;
			defaultConfigurationName = Release;
		};
		BE24B3FA1EFB02A4002D5D2A /* Build configuration list for PBXNativeTarget "OpenInPlace" */ = {
			isa = XCConfigurationList;
			buildConfigurations = (
				BE24B3FB1EFB02A4002D5D2A /* Debug */,
				BE24B3FC1EFB02A4002D5D2A /* Release */,
			);
			defaultConfigurationIsVisible = 0;
			defaultConfigurationName = Release;
		};
/* End XCConfigurationList section */
	};
	rootObject = BE24B3DE1EFB02A3002D5D2A /* Project object */;
}
